{
  "name": "web-dev",
  "version": "1.0.0",
  "lockfileVersion": 3,
  "requires": true,
  "packages": {
    "": {
      "name": "web-dev",
      "version": "1.0.0",
      "license": "UNLICENSED",
      "dependencies": {
        "@coderundebug/ui-web": "^0.3.4"
      }
    },
    "node_modules/@coderundebug/ui-web": {
      "version": "0.3.4",
      "resolved": "https://registry.npmjs.org/@coderundebug/ui-web/-/ui-web-0.3.4.tgz",
      "integrity": "sha512-ySYTQdv3OBJ6dLKhwuCs0R8KTEq6S+iRj0IgFnJ6DbsO7YBtFFxp6mUizoDZExpddK1aqfbrVi0Euo3aKd9IZQ==",
      "license": "MIT",
      "funding": {
        "url": "https://github.com/sponsors/StephenHassall"
      }
    }
  }
}
